{
  "name": "@doplan-dev/cli",
  "version": "1.0.5",
  "lockfileVersion": 3,
  "requires": true,
  "packages": {
    "": {
      "name": "@doplan-dev/cli",
      "version": "1.0.5",
      "hasInstallScript": true,
      "license": "MIT",
      "bin": {
        "doplan": "bin/doplan.js"
      },
      "engines": {
        "node": ">=14.0.0"
      }
    }
  }
}
